
Microsoft Visual Studio Solution File, Format Version 12.00
# Visual Studio Version 16
VisualStudioVersion = 16.6.30114.105
MinimumVisualStudioVersion = 10.0.40219.1
Project("{FAE04EC0-301F-11D3-BF4B-00C04F79EFBC}") = "Domain", "Domain\Domain.csproj", "{BC85AA48-E7FA-4F24-8E89-49A946093BD9}"
EndProject
Project("{2150E333-8FDC-42A3-9474-1A3956D46DE8}") = "Domain", "Domain", "{8B4C0484-791A-4393-A871-7B5A7127D29E}"
EndProject
Project("{2150E333-8FDC-42A3-9474-1A3956D46DE8}") = "Tests", "Tests", "{35CF19DF-DD34-4E3B-AB78-BE77E9DDDE4C}"
EndProject
Project("{FAE04EC0-301F-11D3-BF4B-00C04F79EFBC}") = "Domain.Tests", "Domain.Tests\Domain.Tests.csproj", "{56376137-75A2-4B1F-90C8-C2C44092A240}"
EndProject
Project("{2150E333-8FDC-42A3-9474-1A3956D46DE8}") = "BuildingBlocks", "BuildingBlocks", "{BD68C958-DEC0-48C4-B280-8A76D28F67DF}"
EndProject
Project("{FAE04EC0-301F-11D3-BF4B-00C04F79EFBC}") = "Domain.BuildingBlocks", "BuildingBlocks\Domain\Domain.BuildingBlocks.csproj", "{8D707EAF-2BB3-46AE-BBBA-0D94BB128E7A}"
EndProject
Global
	GlobalSection(SolutionConfigurationPlatforms) = preSolution
		Debug|Any CPU = Debug|Any CPU
		Debug|x64 = Debug|x64
		Debug|x86 = Debug|x86
		Release|Any CPU = Release|Any CPU
		Release|x64 = Release|x64
		Release|x86 = Release|x86
	EndGlobalSection
	GlobalSection(SolutionProperties) = preSolution
		HideSolutionNode = FALSE
	EndGlobalSection
	GlobalSection(ProjectConfigurationPlatforms) = postSolution
		{BC85AA48-E7FA-4F24-8E89-49A946093BD9}.Debug|Any CPU.ActiveCfg = Debug|Any CPU
		{BC85AA48-E7FA-4F24-8E89-49A946093BD9}.Debug|Any CPU.Build.0 = Debug|Any CPU
		{BC85AA48-E7FA-4F24-8E89-49A946093BD9}.Debug|x64.ActiveCfg = Debug|Any CPU
		{BC85AA48-E7FA-4F24-8E89-49A946093BD9}.Debug|x64.Build.0 = Debug|Any CPU
		{BC85AA48-E7FA-4F24-8E89-49A946093BD9}.Debug|x86.ActiveCfg = Debug|Any CPU
		{BC85AA48-E7FA-4F24-8E89-49A946093BD9}.Debug|x86.Build.0 = Debug|Any CPU
		{BC85AA48-E7FA-4F24-8E89-49A946093BD9}.Release|Any CPU.ActiveCfg = Release|Any CPU
		{BC85AA48-E7FA-4F24-8E89-49A946093BD9}.Release|Any CPU.Build.0 = Release|Any CPU
		{BC85AA48-E7FA-4F24-8E89-49A946093BD9}.Release|x64.ActiveCfg = Release|Any CPU
		{BC85AA48-E7FA-4F24-8E89-49A946093BD9}.Release|x64.Build.0 = Release|Any CPU
		{BC85AA48-E7FA-4F24-8E89-49A946093BD9}.Release|x86.ActiveCfg = Release|Any CPU
		{BC85AA48-E7FA-4F24-8E89-49A946093BD9}.Release|x86.Build.0 = Release|Any CPU
		{56376137-75A2-4B1F-90C8-C2C44092A240}.Debug|Any CPU.ActiveCfg = Debug|Any CPU
		{56376137-75A2-4B1F-90C8-C2C44092A240}.Debug|Any CPU.Build.0 = Debug|Any CPU
		{56376137-75A2-4B1F-90C8-C2C44092A240}.Debug|x64.ActiveCfg = Debug|Any CPU
		{56376137-75A2-4B1F-90C8-C2C44092A240}.Debug|x64.Build.0 = Debug|Any CPU
		{56376137-75A2-4B1F-90C8-C2C44092A240}.Debug|x86.ActiveCfg = Debug|Any CPU
		{56376137-75A2-4B1F-90C8-C2C44092A240}.Debug|x86.Build.0 = Debug|Any CPU
		{56376137-75A2-4B1F-90C8-C2C44092A240}.Release|Any CPU.ActiveCfg = Release|Any CPU
		{56376137-75A2-4B1F-90C8-C2C44092A240}.Release|Any CPU.Build.0 = Release|Any CPU
		{56376137-75A2-4B1F-90C8-C2C44092A240}.Release|x64.ActiveCfg = Release|Any CPU
		{56376137-75A2-4B1F-90C8-C2C44092A240}.Release|x64.Build.0 = Release|Any CPU
		{56376137-75A2-4B1F-90C8-C2C44092A240}.Release|x86.ActiveCfg = Release|Any CPU
		{56376137-75A2-4B1F-90C8-C2C44092A240}.Release|x86.Build.0 = Release|Any CPU
		{8D707EAF-2BB3-46AE-BBBA-0D94BB128E7A}.Debug|Any CPU.ActiveCfg = Debug|Any CPU
		{8D707EAF-2BB3-46AE-BBBA-0D94BB128E7A}.Debug|Any CPU.Build.0 = Debug|Any CPU
		{8D707EAF-2BB3-46AE-BBBA-0D94BB128E7A}.Debug|x64.ActiveCfg = Debug|Any CPU
		{8D707EAF-2BB3-46AE-BBBA-0D94BB128E7A}.Debug|x64.Build.0 = Debug|Any CPU
		{8D707EAF-2BB3-46AE-BBBA-0D94BB128E7A}.Debug|x86.ActiveCfg = Debug|Any CPU
		{8D707EAF-2BB3-46AE-BBBA-0D94BB128E7A}.Debug|x86.Build.0 = Debug|Any CPU
		{8D707EAF-2BB3-46AE-BBBA-0D94BB128E7A}.Release|Any CPU.ActiveCfg = Release|Any CPU
		{8D707EAF-2BB3-46AE-BBBA-0D94BB128E7A}.Release|Any CPU.Build.0 = Release|Any CPU
		{8D707EAF-2BB3-46AE-BBBA-0D94BB128E7A}.Release|x64.ActiveCfg = Release|Any CPU
		{8D707EAF-2BB3-46AE-BBBA-0D94BB128E7A}.Release|x64.Build.0 = Release|Any CPU
		{8D707EAF-2BB3-46AE-BBBA-0D94BB128E7A}.Release|x86.ActiveCfg = Release|Any CPU
		{8D707EAF-2BB3-46AE-BBBA-0D94BB128E7A}.Release|x86.Build.0 = Release|Any CPU
	EndGlobalSection
	GlobalSection(NestedProjects) = preSolution
		{BC85AA48-E7FA-4F24-8E89-49A946093BD9} = {8B4C0484-791A-4393-A871-7B5A7127D29E}
		{56376137-75A2-4B1F-90C8-C2C44092A240} = {35CF19DF-DD34-4E3B-AB78-BE77E9DDDE4C}
		{8D707EAF-2BB3-46AE-BBBA-0D94BB128E7A} = {BD68C958-DEC0-48C4-B280-8A76D28F67DF}
	EndGlobalSection
EndGlobal
